
Microsoft Visual Studio Solution File, Format Version 12.00
# Visual Studio Version 17
VisualStudioVersion = 17.0.31423.177
MinimumVisualStudioVersion = 10.0.40219.1
Project("{9A19103F-16F7-4668-BE54-9A1E7A4F7556}") = "rush01", "rush01.csproj", "{97F9E4E4-934F-4776-9A12-1CE12E99B31D}"
EndProject
Global
	GlobalSection(SolutionConfigurationPlatforms) = preSolution
		Debug|Any CPU = Debug|Any CPU
		Debug|x64 = Debug|x64
		Debug|x86 = Debug|x86
		Release|Any CPU = Release|Any CPU
		Release|x64 = Release|x64
		Release|x86 = Release|x86
	EndGlobalSection
	GlobalSection(ProjectConfigurationPlatforms) = postSolution
		{97F9E4E4-934F-4776-9A12-1CE12E99B31D}.Debug|Any CPU.ActiveCfg = Debug|Any CPU
		{97F9E4E4-934F-4776-9A12-1CE12E99B31D}.Debug|Any CPU.Build.0 = Debug|Any CPU
		{97F9E4E4-934F-4776-9A12-1CE12E99B31D}.Debug|x64.ActiveCfg = Debug|Any CPU
		{97F9E4E4-934F-4776-9A12-1CE12E99B31D}.Debug|x64.Build.0 = Debug|Any CPU
		{97F9E4E4-934F-4776-9A12-1CE12E99B31D}.Debug|x86.ActiveCfg = Debug|Any CPU
		{97F9E4E4-934F-4776-9A12-1CE12E99B31D}.Debug|x86.Build.0 = Debug|Any CPU
		{97F9E4E4-934F-4776-9A12-1CE12E99B31D}.Release|Any CPU.ActiveCfg = Release|Any CPU
		{97F9E4E4-934F-4776-9A12-1CE12E99B31D}.Release|Any CPU.Build.0 = Release|Any CPU
		{97F9E4E4-934F-4776-9A12-1CE12E99B31D}.Release|x64.ActiveCfg = Release|Any CPU
		{97F9E4E4-934F-4776-9A12-1CE12E99B31D}.Release|x64.Build.0 = Release|Any CPU
		{97F9E4E4-934F-4776-9A12-1CE12E99B31D}.Release|x86.ActiveCfg = Release|Any CPU
		{97F9E4E4-934F-4776-9A12-1CE12E99B31D}.Release|x86.Build.0 = Release|Any CPU
	EndGlobalSection
	GlobalSection(SolutionProperties) = preSolution
		HideSolutionNode = FALSE
	EndGlobalSection
	GlobalSection(ExtensibilityGlobals) = postSolution
		SolutionGuid = {C1198B29-F877-4089-9328-638531232FAA}
	EndGlobalSection
EndGlobal
