
Microsoft Visual Studio Solution File, Format Version 12.00
# Visual Studio Version 16
VisualStudioVersion = 16.0.31321.278
MinimumVisualStudioVersion = 10.0.40219.1
Project("{FAE04EC0-301F-11D3-BF4B-00C04F79EFBC}") = "d03.Host", "d03.Host\d03.Host.csproj", "{5545CB7A-BBD5-405D-9EA1-F69B696713D1}"
EndProject
Project("{FAE04EC0-301F-11D3-BF4B-00C04F79EFBC}") = "d03.Nasa", "d03.Nasa\d03.Nasa.csproj", "{8DEA7C12-2564-4902-AE06-5B39C815E269}"
EndProject
Global
	GlobalSection(SolutionConfigurationPlatforms) = preSolution
		Debug|Any CPU = Debug|Any CPU
		Release|Any CPU = Release|Any CPU
	EndGlobalSection
	GlobalSection(ProjectConfigurationPlatforms) = postSolution
		{5545CB7A-BBD5-405D-9EA1-F69B696713D1}.Debug|Any CPU.ActiveCfg = Debug|Any CPU
		{5545CB7A-BBD5-405D-9EA1-F69B696713D1}.Debug|Any CPU.Build.0 = Debug|Any CPU
		{5545CB7A-BBD5-405D-9EA1-F69B696713D1}.Release|Any CPU.ActiveCfg = Release|Any CPU
		{5545CB7A-BBD5-405D-9EA1-F69B696713D1}.Release|Any CPU.Build.0 = Release|Any CPU
		{8DEA7C12-2564-4902-AE06-5B39C815E269}.Debug|Any CPU.ActiveCfg = Debug|Any CPU
		{8DEA7C12-2564-4902-AE06-5B39C815E269}.Debug|Any CPU.Build.0 = Debug|Any CPU
		{8DEA7C12-2564-4902-AE06-5B39C815E269}.Release|Any CPU.ActiveCfg = Release|Any CPU
		{8DEA7C12-2564-4902-AE06-5B39C815E269}.Release|Any CPU.Build.0 = Release|Any CPU
	EndGlobalSection
	GlobalSection(SolutionProperties) = preSolution
		HideSolutionNode = FALSE
	EndGlobalSection
	GlobalSection(ExtensibilityGlobals) = postSolution
		SolutionGuid = {BD8C6C77-7010-4D59-91BF-B692A21573E4}
	EndGlobalSection
EndGlobal
