
Microsoft Visual Studio Solution File, Format Version 12.00
# Visual Studio Version 16
VisualStudioVersion = 16.0.31313.79
MinimumVisualStudioVersion = 10.0.40219.1
Project("{FAE04EC0-301F-11D3-BF4B-00C04F79EFBC}") = "d00_ex00", "d00_ex00\d00_ex00.csproj", "{4560E5D1-91D4-421A-95C7-706FCCF7611B}"
EndProject
Project("{FAE04EC0-301F-11D3-BF4B-00C04F79EFBC}") = "d00_ex01", "d00_ex01\d00_ex01.csproj", "{12A56035-2AC9-4C19-82BC-300EDA143423}"
EndProject
Global
	GlobalSection(SolutionConfigurationPlatforms) = preSolution
		Debug|Any CPU = Debug|Any CPU
		Release|Any CPU = Release|Any CPU
	EndGlobalSection
	GlobalSection(ProjectConfigurationPlatforms) = postSolution
		{4560E5D1-91D4-421A-95C7-706FCCF7611B}.Debug|Any CPU.ActiveCfg = Debug|Any CPU
		{4560E5D1-91D4-421A-95C7-706FCCF7611B}.Debug|Any CPU.Build.0 = Debug|Any CPU
		{4560E5D1-91D4-421A-95C7-706FCCF7611B}.Release|Any CPU.ActiveCfg = Release|Any CPU
		{4560E5D1-91D4-421A-95C7-706FCCF7611B}.Release|Any CPU.Build.0 = Release|Any CPU
		{12A56035-2AC9-4C19-82BC-300EDA143423}.Debug|Any CPU.ActiveCfg = Debug|Any CPU
		{12A56035-2AC9-4C19-82BC-300EDA143423}.Debug|Any CPU.Build.0 = Debug|Any CPU
		{12A56035-2AC9-4C19-82BC-300EDA143423}.Release|Any CPU.ActiveCfg = Release|Any CPU
		{12A56035-2AC9-4C19-82BC-300EDA143423}.Release|Any CPU.Build.0 = Release|Any CPU
	EndGlobalSection
	GlobalSection(SolutionProperties) = preSolution
		HideSolutionNode = FALSE
	EndGlobalSection
	GlobalSection(ExtensibilityGlobals) = postSolution
		SolutionGuid = {CFEA6551-9A22-4AA3-86A8-CD6CF949ACE8}
	EndGlobalSection
EndGlobal
