
Microsoft Visual Studio Solution File, Format Version 12.00
# Visual Studio Version 16
VisualStudioVersion = 16.0.30114.105
MinimumVisualStudioVersion = 10.0.40219.1
Project("{9A19103F-16F7-4668-BE54-9A1E7A4F7556}") = "rush00.App", "rush00.App\rush00.App.csproj", "{EF14B23C-655C-4F8D-81AB-980679ED5415}"
	ProjectSection(ProjectDependencies) = postProject
		{5BB23300-D037-4FF8-8AA8-F8118A986B37} = {5BB23300-D037-4FF8-8AA8-F8118A986B37}
	EndProjectSection
EndProject
Project("{9A19103F-16F7-4668-BE54-9A1E7A4F7556}") = "rush00.Data", "rush00.Data\rush00.Data.csproj", "{5BB23300-D037-4FF8-8AA8-F8118A986B37}"
EndProject
Global
	GlobalSection(SolutionConfigurationPlatforms) = preSolution
		Debug|Any CPU = Debug|Any CPU
		Debug|x64 = Debug|x64
		Debug|x86 = Debug|x86
		Release|Any CPU = Release|Any CPU
		Release|x64 = Release|x64
		Release|x86 = Release|x86
	EndGlobalSection
	GlobalSection(ProjectConfigurationPlatforms) = postSolution
		{EF14B23C-655C-4F8D-81AB-980679ED5415}.Debug|Any CPU.ActiveCfg = Debug|Any CPU
		{EF14B23C-655C-4F8D-81AB-980679ED5415}.Debug|Any CPU.Build.0 = Debug|Any CPU
		{EF14B23C-655C-4F8D-81AB-980679ED5415}.Debug|x64.ActiveCfg = Debug|Any CPU
		{EF14B23C-655C-4F8D-81AB-980679ED5415}.Debug|x64.Build.0 = Debug|Any CPU
		{EF14B23C-655C-4F8D-81AB-980679ED5415}.Debug|x86.ActiveCfg = Debug|Any CPU
		{EF14B23C-655C-4F8D-81AB-980679ED5415}.Debug|x86.Build.0 = Debug|Any CPU
		{EF14B23C-655C-4F8D-81AB-980679ED5415}.Release|Any CPU.ActiveCfg = Release|Any CPU
		{EF14B23C-655C-4F8D-81AB-980679ED5415}.Release|Any CPU.Build.0 = Release|Any CPU
		{EF14B23C-655C-4F8D-81AB-980679ED5415}.Release|x64.ActiveCfg = Release|Any CPU
		{EF14B23C-655C-4F8D-81AB-980679ED5415}.Release|x64.Build.0 = Release|Any CPU
		{EF14B23C-655C-4F8D-81AB-980679ED5415}.Release|x86.ActiveCfg = Release|Any CPU
		{EF14B23C-655C-4F8D-81AB-980679ED5415}.Release|x86.Build.0 = Release|Any CPU
		{5BB23300-D037-4FF8-8AA8-F8118A986B37}.Debug|Any CPU.ActiveCfg = Debug|Any CPU
		{5BB23300-D037-4FF8-8AA8-F8118A986B37}.Debug|Any CPU.Build.0 = Debug|Any CPU
		{5BB23300-D037-4FF8-8AA8-F8118A986B37}.Debug|x64.ActiveCfg = Debug|Any CPU
		{5BB23300-D037-4FF8-8AA8-F8118A986B37}.Debug|x64.Build.0 = Debug|Any CPU
		{5BB23300-D037-4FF8-8AA8-F8118A986B37}.Debug|x86.ActiveCfg = Debug|Any CPU
		{5BB23300-D037-4FF8-8AA8-F8118A986B37}.Debug|x86.Build.0 = Debug|Any CPU
		{5BB23300-D037-4FF8-8AA8-F8118A986B37}.Release|Any CPU.ActiveCfg = Release|Any CPU
		{5BB23300-D037-4FF8-8AA8-F8118A986B37}.Release|Any CPU.Build.0 = Release|Any CPU
		{5BB23300-D037-4FF8-8AA8-F8118A986B37}.Release|x64.ActiveCfg = Release|Any CPU
		{5BB23300-D037-4FF8-8AA8-F8118A986B37}.Release|x64.Build.0 = Release|Any CPU
		{5BB23300-D037-4FF8-8AA8-F8118A986B37}.Release|x86.ActiveCfg = Release|Any CPU
		{5BB23300-D037-4FF8-8AA8-F8118A986B37}.Release|x86.Build.0 = Release|Any CPU
	EndGlobalSection
	GlobalSection(SolutionProperties) = preSolution
		HideSolutionNode = FALSE
	EndGlobalSection
	GlobalSection(ExtensibilityGlobals) = postSolution
		SolutionGuid = {4D717E1C-257D-4164-982A-C87DAD4647B7}
	EndGlobalSection
EndGlobal
