
Microsoft Visual Studio Solution File, Format Version 12.00
# Visual Studio Version 16
VisualStudioVersion = 16.0.31205.134
MinimumVisualStudioVersion = 10.0.40219.1
Project("{9A19103F-16F7-4668-BE54-9A1E7A4F7556}") = "Ex00", "Ex00\Ex00.csproj", "{6F40F99E-C0EA-4D15-BDBD-613D4CD5ACC4}"
EndProject
Project("{FAE04EC0-301F-11D3-BF4B-00C04F79EFBC}") = "Ex01", "Ex01\Ex01.csproj", "{0581E0BE-997B-4AC3-9091-6A1110EA29D9}"
EndProject
Global
	GlobalSection(SolutionConfigurationPlatforms) = preSolution
		Debug|Any CPU = Debug|Any CPU
		Release|Any CPU = Release|Any CPU
	EndGlobalSection
	GlobalSection(ProjectConfigurationPlatforms) = postSolution
		{6F40F99E-C0EA-4D15-BDBD-613D4CD5ACC4}.Debug|Any CPU.ActiveCfg = Debug|Any CPU
		{6F40F99E-C0EA-4D15-BDBD-613D4CD5ACC4}.Debug|Any CPU.Build.0 = Debug|Any CPU
		{6F40F99E-C0EA-4D15-BDBD-613D4CD5ACC4}.Release|Any CPU.ActiveCfg = Release|Any CPU
		{6F40F99E-C0EA-4D15-BDBD-613D4CD5ACC4}.Release|Any CPU.Build.0 = Release|Any CPU
		{0581E0BE-997B-4AC3-9091-6A1110EA29D9}.Debug|Any CPU.ActiveCfg = Debug|Any CPU
		{0581E0BE-997B-4AC3-9091-6A1110EA29D9}.Debug|Any CPU.Build.0 = Debug|Any CPU
		{0581E0BE-997B-4AC3-9091-6A1110EA29D9}.Release|Any CPU.ActiveCfg = Release|Any CPU
		{0581E0BE-997B-4AC3-9091-6A1110EA29D9}.Release|Any CPU.Build.0 = Release|Any CPU
	EndGlobalSection
	GlobalSection(SolutionProperties) = preSolution
		HideSolutionNode = FALSE
	EndGlobalSection
	GlobalSection(ExtensibilityGlobals) = postSolution
		SolutionGuid = {5F31DB24-8FCC-45B1-9E54-6AF7285F3786}
	EndGlobalSection
EndGlobal
