
Microsoft Visual Studio Solution File, Format Version 12.00
# Visual Studio Version 17
VisualStudioVersion = 17.0.31423.177
MinimumVisualStudioVersion = 10.0.40219.1
Project("{9A19103F-16F7-4668-BE54-9A1E7A4F7556}") = "Markdown.Generator.Core", "Markdown.Generator.Core\Markdown.Generator.Core.csproj", "{6785BC64-03D4-4135-8935-B4A88CCAC2B8}"
EndProject
Project("{9A19103F-16F7-4668-BE54-9A1E7A4F7556}") = "Markdown.Generator.Application", "Markdown.Generator.Application\Markdown.Generator.Application.csproj", "{0DBD3946-DA0F-4BD6-AD62-D24B00C7C9F2}"
EndProject
Project("{2150E333-8FDC-42A3-9474-1A3956D46DE8}") = "Tests", "Tests", "{304357BB-F40A-4DC8-BE99-48D66E20AC04}"
EndProject
Project("{FAE04EC0-301F-11D3-BF4B-00C04F79EFBC}") = "Markdown.Generator.Core.Tests", "..\Tests\Markdown.Generator.Core.Tests\Markdown.Generator.Core.Tests.csproj", "{9167EC0C-4660-4520-B9D8-EC6053C2547D}"
EndProject
Global
	GlobalSection(SolutionConfigurationPlatforms) = preSolution
		Debug|Any CPU = Debug|Any CPU
		Debug|x64 = Debug|x64
		Debug|x86 = Debug|x86
		Release|Any CPU = Release|Any CPU
		Release|x64 = Release|x64
		Release|x86 = Release|x86
	EndGlobalSection
	GlobalSection(ProjectConfigurationPlatforms) = postSolution
		{6785BC64-03D4-4135-8935-B4A88CCAC2B8}.Debug|Any CPU.ActiveCfg = Debug|Any CPU
		{6785BC64-03D4-4135-8935-B4A88CCAC2B8}.Debug|Any CPU.Build.0 = Debug|Any CPU
		{6785BC64-03D4-4135-8935-B4A88CCAC2B8}.Debug|x64.ActiveCfg = Debug|x64
		{6785BC64-03D4-4135-8935-B4A88CCAC2B8}.Debug|x64.Build.0 = Debug|x64
		{6785BC64-03D4-4135-8935-B4A88CCAC2B8}.Debug|x86.ActiveCfg = Debug|x86
		{6785BC64-03D4-4135-8935-B4A88CCAC2B8}.Debug|x86.Build.0 = Debug|x86
		{6785BC64-03D4-4135-8935-B4A88CCAC2B8}.Release|Any CPU.ActiveCfg = Release|Any CPU
		{6785BC64-03D4-4135-8935-B4A88CCAC2B8}.Release|Any CPU.Build.0 = Release|Any CPU
		{6785BC64-03D4-4135-8935-B4A88CCAC2B8}.Release|x64.ActiveCfg = Release|x64
		{6785BC64-03D4-4135-8935-B4A88CCAC2B8}.Release|x64.Build.0 = Release|x64
		{6785BC64-03D4-4135-8935-B4A88CCAC2B8}.Release|x86.ActiveCfg = Release|x86
		{6785BC64-03D4-4135-8935-B4A88CCAC2B8}.Release|x86.Build.0 = Release|x86
		{0DBD3946-DA0F-4BD6-AD62-D24B00C7C9F2}.Debug|Any CPU.ActiveCfg = Debug|Any CPU
		{0DBD3946-DA0F-4BD6-AD62-D24B00C7C9F2}.Debug|Any CPU.Build.0 = Debug|Any CPU
		{0DBD3946-DA0F-4BD6-AD62-D24B00C7C9F2}.Debug|x64.ActiveCfg = Debug|x64
		{0DBD3946-DA0F-4BD6-AD62-D24B00C7C9F2}.Debug|x64.Build.0 = Debug|x64
		{0DBD3946-DA0F-4BD6-AD62-D24B00C7C9F2}.Debug|x86.ActiveCfg = Debug|x86
		{0DBD3946-DA0F-4BD6-AD62-D24B00C7C9F2}.Debug|x86.Build.0 = Debug|x86
		{0DBD3946-DA0F-4BD6-AD62-D24B00C7C9F2}.Release|Any CPU.ActiveCfg = Release|Any CPU
		{0DBD3946-DA0F-4BD6-AD62-D24B00C7C9F2}.Release|Any CPU.Build.0 = Release|Any CPU
		{0DBD3946-DA0F-4BD6-AD62-D24B00C7C9F2}.Release|x64.ActiveCfg = Release|x64
		{0DBD3946-DA0F-4BD6-AD62-D24B00C7C9F2}.Release|x64.Build.0 = Release|x64
		{0DBD3946-DA0F-4BD6-AD62-D24B00C7C9F2}.Release|x86.ActiveCfg = Release|x86
		{0DBD3946-DA0F-4BD6-AD62-D24B00C7C9F2}.Release|x86.Build.0 = Release|x86
		{9167EC0C-4660-4520-B9D8-EC6053C2547D}.Debug|Any CPU.ActiveCfg = Debug|Any CPU
		{9167EC0C-4660-4520-B9D8-EC6053C2547D}.Debug|Any CPU.Build.0 = Debug|Any CPU
		{9167EC0C-4660-4520-B9D8-EC6053C2547D}.Debug|x64.ActiveCfg = Debug|x64
		{9167EC0C-4660-4520-B9D8-EC6053C2547D}.Debug|x64.Build.0 = Debug|x64
		{9167EC0C-4660-4520-B9D8-EC6053C2547D}.Debug|x86.ActiveCfg = Debug|x86
		{9167EC0C-4660-4520-B9D8-EC6053C2547D}.Debug|x86.Build.0 = Debug|x86
		{9167EC0C-4660-4520-B9D8-EC6053C2547D}.Release|Any CPU.ActiveCfg = Release|Any CPU
		{9167EC0C-4660-4520-B9D8-EC6053C2547D}.Release|Any CPU.Build.0 = Release|Any CPU
		{9167EC0C-4660-4520-B9D8-EC6053C2547D}.Release|x64.ActiveCfg = Release|x64
		{9167EC0C-4660-4520-B9D8-EC6053C2547D}.Release|x64.Build.0 = Release|x64
		{9167EC0C-4660-4520-B9D8-EC6053C2547D}.Release|x86.ActiveCfg = Release|x86
		{9167EC0C-4660-4520-B9D8-EC6053C2547D}.Release|x86.Build.0 = Release|x86
	EndGlobalSection
	GlobalSection(SolutionProperties) = preSolution
		HideSolutionNode = FALSE
	EndGlobalSection
	GlobalSection(NestedProjects) = preSolution
		{9167EC0C-4660-4520-B9D8-EC6053C2547D} = {304357BB-F40A-4DC8-BE99-48D66E20AC04}
	EndGlobalSection
	GlobalSection(ExtensibilityGlobals) = postSolution
		SolutionGuid = {CF01A735-5ADC-4491-8119-B4CEEFDA361B}
	EndGlobalSection
EndGlobal
